
Microsoft Visual Studio Solution File, Format Version 12.00
# Visual Studio Version 16
VisualStudioVersion = 16.0.28922.388
MinimumVisualStudioVersion = 10.0.40219.1
Project("{9A19103F-16F7-4668-BE54-9A1E7A4F7556}") = "CurrieTechnologies.Blazor.SweetAlert2", "CurrieTechnologies.Blazor.SweetAlert2\CurrieTechnologies.Blazor.SweetAlert2.csproj", "{6EB21DAE-07EA-4065-A9D5-C891A21BFD65}"
EndProject
Global
	GlobalSection(SolutionConfigurationPlatforms) = preSolution
		Debug|Any CPU = Debug|Any CPU
		Release|Any CPU = Release|Any CPU
	EndGlobalSection
	GlobalSection(ProjectConfigurationPlatforms) = postSolution
		{6EB21DAE-07EA-4065-A9D5-C891A21BFD65}.Debug|Any CPU.ActiveCfg = Debug|Any CPU
		{6EB21DAE-07EA-4065-A9D5-C891A21BFD65}.Debug|Any CPU.Build.0 = Debug|Any CPU
		{6EB21DAE-07EA-4065-A9D5-C891A21BFD65}.Release|Any CPU.ActiveCfg = Release|Any CPU
		{6EB21DAE-07EA-4065-A9D5-C891A21BFD65}.Release|Any CPU.Build.0 = Release|Any CPU
	EndGlobalSection
	GlobalSection(SolutionProperties) = preSolution
		HideSolutionNode = FALSE
	EndGlobalSection
	GlobalSection(ExtensibilityGlobals) = postSolution
		SolutionGuid = {621EA157-79DA-4557-937F-CAD776FB9C41}
	EndGlobalSection
EndGlobal
